
Microsoft Visual Studio Solution File, Format Version 12.00
# Visual Studio Version 16
VisualStudioVersion = 16.0.31129.286
MinimumVisualStudioVersion = 10.0.40219.1
Project("{FAE04EC0-301F-11D3-BF4B-00C04F79EFBC}") = "MyApp.UWP", "MyApp\MyApp.UWP\MyApp.UWP.csproj", "{6AE6C5AE-0723-4D7D-AEEF-47887F41DD1A}"
EndProject
Project("{FAE04EC0-301F-11D3-BF4B-00C04F79EFBC}") = "MyApp.Android", "MyApp\MyApp.Android\MyApp.Android.csproj", "{AC7D8837-6F06-47CA-B3F1-D58A579DA8EE}"
EndProject
Project("{FAE04EC0-301F-11D3-BF4B-00C04F79EFBC}") = "MyApp.iOS", "MyApp\MyApp.iOS\MyApp.iOS.csproj", "{280989CE-4CA3-4578-B697-C659A1AEB580}"
EndProject
Project("{FAE04EC0-301F-11D3-BF4B-00C04F79EFBC}") = "MyApp", "MyApp\MyApp\MyApp.csproj", "{46C5A027-C902-4AFD-8FE6-5F459A4771C0}"
EndProject
Global
	GlobalSection(SolutionConfigurationPlatforms) = preSolution
		Debug|Any CPU = Debug|Any CPU
		Debug|ARM = Debug|ARM
		Debug|iPhone = Debug|iPhone
		Debug|iPhoneSimulator = Debug|iPhoneSimulator
		Debug|x64 = Debug|x64
		Debug|x86 = Debug|x86
		Release|Any CPU = Release|Any CPU
		Release|ARM = Release|ARM
		Release|iPhone = Release|iPhone
		Release|iPhoneSimulator = Release|iPhoneSimulator
		Release|x64 = Release|x64
		Release|x86 = Release|x86
	EndGlobalSection
	GlobalSection(ProjectConfigurationPlatforms) = postSolution
		{6AE6C5AE-0723-4D7D-AEEF-47887F41DD1A}.Debug|Any CPU.ActiveCfg = Debug|x86
		{6AE6C5AE-0723-4D7D-AEEF-47887F41DD1A}.Debug|Any CPU.Build.0 = Debug|x86
		{6AE6C5AE-0723-4D7D-AEEF-47887F41DD1A}.Debug|Any CPU.Deploy.0 = Debug|x86
		{6AE6C5AE-0723-4D7D-AEEF-47887F41DD1A}.Debug|ARM.ActiveCfg = Debug|ARM
		{6AE6C5AE-0723-4D7D-AEEF-47887F41DD1A}.Debug|ARM.Build.0 = Debug|ARM
		{6AE6C5AE-0723-4D7D-AEEF-47887F41DD1A}.Debug|ARM.Deploy.0 = Debug|ARM
		{6AE6C5AE-0723-4D7D-AEEF-47887F41DD1A}.Debug|iPhone.ActiveCfg = Debug|x86
		{6AE6C5AE-0723-4D7D-AEEF-47887F41DD1A}.Debug|iPhone.Build.0 = Debug|x86
		{6AE6C5AE-0723-4D7D-AEEF-47887F41DD1A}.Debug|iPhone.Deploy.0 = Debug|x86
		{6AE6C5AE-0723-4D7D-AEEF-47887F41DD1A}.Debug|iPhoneSimulator.ActiveCfg = Debug|x86
		{6AE6C5AE-0723-4D7D-AEEF-47887F41DD1A}.Debug|iPhoneSimulator.Build.0 = Debug|x86
		{6AE6C5AE-0723-4D7D-AEEF-47887F41DD1A}.Debug|iPhoneSimulator.Deploy.0 = Debug|x86
		{6AE6C5AE-0723-4D7D-AEEF-47887F41DD1A}.Debug|x64.ActiveCfg = Debug|x64
		{6AE6C5AE-0723-4D7D-AEEF-47887F41DD1A}.Debug|x64.Build.0 = Debug|x64
		{6AE6C5AE-0723-4D7D-AEEF-47887F41DD1A}.Debug|x64.Deploy.0 = Debug|x64
		{6AE6C5AE-0723-4D7D-AEEF-47887F41DD1A}.Debug|x86.ActiveCfg = Debug|x86
		{6AE6C5AE-0723-4D7D-AEEF-47887F41DD1A}.Debug|x86.Build.0 = Debug|x86
		{6AE6C5AE-0723-4D7D-AEEF-47887F41DD1A}.Debug|x86.Deploy.0 = Debug|x86
		{6AE6C5AE-0723-4D7D-AEEF-47887F41DD1A}.Release|Any CPU.ActiveCfg = Release|x86
		{6AE6C5AE-0723-4D7D-AEEF-47887F41DD1A}.Release|Any CPU.Build.0 = Release|x86
		{6AE6C5AE-0723-4D7D-AEEF-47887F41DD1A}.Release|Any CPU.Deploy.0 = Release|x86
		{6AE6C5AE-0723-4D7D-AEEF-47887F41DD1A}.Release|ARM.ActiveCfg = Release|ARM
		{6AE6C5AE-0723-4D7D-AEEF-47887F41DD1A}.Release|ARM.Build.0 = Release|ARM
		{6AE6C5AE-0723-4D7D-AEEF-47887F41DD1A}.Release|ARM.Deploy.0 = Release|ARM
		{6AE6C5AE-0723-4D7D-AEEF-47887F41DD1A}.Release|iPhone.ActiveCfg = Release|x86
		{6AE6C5AE-0723-4D7D-AEEF-47887F41DD1A}.Release|iPhone.Build.0 = Release|x86
		{6AE6C5AE-0723-4D7D-AEEF-47887F41DD1A}.Release|iPhone.Deploy.0 = Release|x86
		{6AE6C5AE-0723-4D7D-AEEF-47887F41DD1A}.Release|iPhoneSimulator.ActiveCfg = Release|x86
		{6AE6C5AE-0723-4D7D-AEEF-47887F41DD1A}.Release|iPhoneSimulator.Build.0 = Release|x86
		{6AE6C5AE-0723-4D7D-AEEF-47887F41DD1A}.Release|iPhoneSimulator.Deploy.0 = Release|x86
		{6AE6C5AE-0723-4D7D-AEEF-47887F41DD1A}.Release|x64.ActiveCfg = Release|x64
		{6AE6C5AE-0723-4D7D-AEEF-47887F41DD1A}.Release|x64.Build.0 = Release|x64
		{6AE6C5AE-0723-4D7D-AEEF-47887F41DD1A}.Release|x64.Deploy.0 = Release|x64
		{6AE6C5AE-0723-4D7D-AEEF-47887F41DD1A}.Release|x86.ActiveCfg = Release|x86
		{6AE6C5AE-0723-4D7D-AEEF-47887F41DD1A}.Release|x86.Build.0 = Release|x86
		{6AE6C5AE-0723-4D7D-AEEF-47887F41DD1A}.Release|x86.Deploy.0 = Release|x86
		{AC7D8837-6F06-47CA-B3F1-D58A579DA8EE}.Debug|Any CPU.ActiveCfg = Debug|Any CPU
		{AC7D8837-6F06-47CA-B3F1-D58A579DA8EE}.Debug|Any CPU.Build.0 = Debug|Any CPU
		{AC7D8837-6F06-47CA-B3F1-D58A579DA8EE}.Debug|Any CPU.Deploy.0 = Debug|Any CPU
		{AC7D8837-6F06-47CA-B3F1-D58A579DA8EE}.Debug|ARM.ActiveCfg = Debug|Any CPU
		{AC7D8837-6F06-47CA-B3F1-D58A579DA8EE}.Debug|ARM.Build.0 = Debug|Any CPU
		{AC7D8837-6F06-47CA-B3F1-D58A579DA8EE}.Debug|ARM.Deploy.0 = Debug|Any CPU
		{AC7D8837-6F06-47CA-B3F1-D58A579DA8EE}.Debug|iPhone.ActiveCfg = Debug|Any CPU
		{AC7D8837-6F06-47CA-B3F1-D58A579DA8EE}.Debug|iPhone.Build.0 = Debug|Any CPU
		{AC7D8837-6F06-47CA-B3F1-D58A579DA8EE}.Debug|iPhone.Deploy.0 = Debug|Any CPU
		{AC7D8837-6F06-47CA-B3F1-D58A579DA8EE}.Debug|iPhoneSimulator.ActiveCfg = Debug|Any CPU
		{AC7D8837-6F06-47CA-B3F1-D58A579DA8EE}.Debug|iPhoneSimulator.Build.0 = Debug|Any CPU
		{AC7D8837-6F06-47CA-B3F1-D58A579DA8EE}.Debug|iPhoneSimulator.Deploy.0 = Debug|Any CPU
		{AC7D8837-6F06-47CA-B3F1-D58A579DA8EE}.Debug|x64.ActiveCfg = Debug|Any CPU
		{AC7D8837-6F06-47CA-B3F1-D58A579DA8EE}.Debug|x64.Build.0 = Debug|Any CPU
		{AC7D8837-6F06-47CA-B3F1-D58A579DA8EE}.Debug|x64.Deploy.0 = Debug|Any CPU
		{AC7D8837-6F06-47CA-B3F1-D58A579DA8EE}.Debug|x86.ActiveCfg = Debug|Any CPU
		{AC7D8837-6F06-47CA-B3F1-D58A579DA8EE}.Debug|x86.Build.0 = Debug|Any CPU
		{AC7D8837-6F06-47CA-B3F1-D58A579DA8EE}.Debug|x86.Deploy.0 = Debug|Any CPU
		{AC7D8837-6F06-47CA-B3F1-D58A579DA8EE}.Release|Any CPU.ActiveCfg = Release|Any CPU
		{AC7D8837-6F06-47CA-B3F1-D58A579DA8EE}.Release|Any CPU.Build.0 = Release|Any CPU
		{AC7D8837-6F06-47CA-B3F1-D58A579DA8EE}.Release|Any CPU.Deploy.0 = Release|Any CPU
		{AC7D8837-6F06-47CA-B3F1-D58A579DA8EE}.Release|ARM.ActiveCfg = Release|Any CPU
		{AC7D8837-6F06-47CA-B3F1-D58A579DA8EE}.Release|ARM.Build.0 = Release|Any CPU
		{AC7D8837-6F06-47CA-B3F1-D58A579DA8EE}.Release|ARM.Deploy.0 = Release|Any CPU
		{AC7D8837-6F06-47CA-B3F1-D58A579DA8EE}.Release|iPhone.ActiveCfg = Release|Any CPU
		{AC7D8837-6F06-47CA-B3F1-D58A579DA8EE}.Release|iPhone.Build.0 = Release|Any CPU
		{AC7D8837-6F06-47CA-B3F1-D58A579DA8EE}.Release|iPhone.Deploy.0 = Release|Any CPU
		{AC7D8837-6F06-47CA-B3F1-D58A579DA8EE}.Release|iPhoneSimulator.ActiveCfg = Release|Any CPU
		{AC7D8837-6F06-47CA-B3F1-D58A579DA8EE}.Release|iPhoneSimulator.Build.0 = Release|Any CPU
		{AC7D8837-6F06-47CA-B3F1-D58A579DA8EE}.Release|iPhoneSimulator.Deploy.0 = Release|Any CPU
		{AC7D8837-6F06-47CA-B3F1-D58A579DA8EE}.Release|x64.ActiveCfg = Release|Any CPU
		{AC7D8837-6F06-47CA-B3F1-D58A579DA8EE}.Release|x64.Build.0 = Release|Any CPU
		{AC7D8837-6F06-47CA-B3F1-D58A579DA8EE}.Release|x64.Deploy.0 = Release|Any CPU
		{AC7D8837-6F06-47CA-B3F1-D58A579DA8EE}.Release|x86.ActiveCfg = Release|Any CPU
		{AC7D8837-6F06-47CA-B3F1-D58A579DA8EE}.Release|x86.Build.0 = Release|Any CPU
		{AC7D8837-6F06-47CA-B3F1-D58A579DA8EE}.Release|x86.Deploy.0 = Release|Any CPU
		{280989CE-4CA3-4578-B697-C659A1AEB580}.Debug|Any CPU.ActiveCfg = Debug|iPhoneSimulator
		{280989CE-4CA3-4578-B697-C659A1AEB580}.Debug|Any CPU.Build.0 = Debug|iPhoneSimulator
		{280989CE-4CA3-4578-B697-C659A1AEB580}.Debug|Any CPU.Deploy.0 = Debug|iPhoneSimulator
		{280989CE-4CA3-4578-B697-C659A1AEB580}.Debug|ARM.ActiveCfg = Debug|iPhone
		{280989CE-4CA3-4578-B697-C659A1AEB580}.Debug|ARM.Build.0 = Debug|iPhone
		{280989CE-4CA3-4578-B697-C659A1AEB580}.Debug|ARM.Deploy.0 = Debug|iPhone
		{280989CE-4CA3-4578-B697-C659A1AEB580}.Debug|iPhone.ActiveCfg = Debug|iPhone
		{280989CE-4CA3-4578-B697-C659A1AEB580}.Debug|iPhone.Build.0 = Debug|iPhone
		{280989CE-4CA3-4578-B697-C659A1AEB580}.Debug|iPhone.Deploy.0 = Debug|iPhone
		{280989CE-4CA3-4578-B697-C659A1AEB580}.Debug|iPhoneSimulator.ActiveCfg = Debug|iPhoneSimulator
		{280989CE-4CA3-4578-B697-C659A1AEB580}.Debug|iPhoneSimulator.Build.0 = Debug|iPhoneSimulator
		{280989CE-4CA3-4578-B697-C659A1AEB580}.Debug|iPhoneSimulator.Deploy.0 = Debug|iPhoneSimulator
		{280989CE-4CA3-4578-B697-C659A1AEB580}.Debug|x64.ActiveCfg = Debug|iPhoneSimulator
		{280989CE-4CA3-4578-B697-C659A1AEB580}.Debug|x64.Build.0 = Debug|iPhoneSimulator
		{280989CE-4CA3-4578-B697-C659A1AEB580}.Debug|x64.Deploy.0 = Debug|iPhoneSimulator
		{280989CE-4CA3-4578-B697-C659A1AEB580}.Debug|x86.ActiveCfg = Debug|iPhoneSimulator
		{280989CE-4CA3-4578-B697-C659A1AEB580}.Debug|x86.Build.0 = Debug|iPhoneSimulator
		{280989CE-4CA3-4578-B697-C659A1AEB580}.Debug|x86.Deploy.0 = Debug|iPhoneSimulator
		{280989CE-4CA3-4578-B697-C659A1AEB580}.Release|Any CPU.ActiveCfg = Release|iPhoneSimulator
		{280989CE-4CA3-4578-B697-C659A1AEB580}.Release|Any CPU.Build.0 = Release|iPhoneSimulator
		{280989CE-4CA3-4578-B697-C659A1AEB580}.Release|Any CPU.Deploy.0 = Release|iPhoneSimulator
		{280989CE-4CA3-4578-B697-C659A1AEB580}.Release|ARM.ActiveCfg = Release|iPhoneSimulator
		{280989CE-4CA3-4578-B697-C659A1AEB580}.Release|ARM.Build.0 = Release|iPhoneSimulator
		{280989CE-4CA3-4578-B697-C659A1AEB580}.Release|ARM.Deploy.0 = Release|iPhoneSimulator
		{280989CE-4CA3-4578-B697-C659A1AEB580}.Release|iPhone.ActiveCfg = Release|iPhone
		{280989CE-4CA3-4578-B697-C659A1AEB580}.Release|iPhone.Build.0 = Release|iPhone
		{280989CE-4CA3-4578-B697-C659A1AEB580}.Release|iPhone.Deploy.0 = Release|iPhone
		{280989CE-4CA3-4578-B697-C659A1AEB580}.Release|iPhoneSimulator.ActiveCfg = Release|iPhoneSimulator
		{280989CE-4CA3-4578-B697-C659A1AEB580}.Release|iPhoneSimulator.Build.0 = Release|iPhoneSimulator
		{280989CE-4CA3-4578-B697-C659A1AEB580}.Release|iPhoneSimulator.Deploy.0 = Release|iPhoneSimulator
		{280989CE-4CA3-4578-B697-C659A1AEB580}.Release|x64.ActiveCfg = Release|iPhoneSimulator
		{280989CE-4CA3-4578-B697-C659A1AEB580}.Release|x64.Build.0 = Release|iPhoneSimulator
		{280989CE-4CA3-4578-B697-C659A1AEB580}.Release|x64.Deploy.0 = Release|iPhoneSimulator
		{280989CE-4CA3-4578-B697-C659A1AEB580}.Release|x86.ActiveCfg = Release|iPhoneSimulator
		{280989CE-4CA3-4578-B697-C659A1AEB580}.Release|x86.Build.0 = Release|iPhoneSimulator
		{280989CE-4CA3-4578-B697-C659A1AEB580}.Release|x86.Deploy.0 = Release|iPhoneSimulator
		{46C5A027-C902-4AFD-8FE6-5F459A4771C0}.Debug|Any CPU.ActiveCfg = Debug|Any CPU
		{46C5A027-C902-4AFD-8FE6-5F459A4771C0}.Debug|Any CPU.Build.0 = Debug|Any CPU
		{46C5A027-C902-4AFD-8FE6-5F459A4771C0}.Debug|Any CPU.Deploy.0 = Debug|Any CPU
		{46C5A027-C902-4AFD-8FE6-5F459A4771C0}.Debug|ARM.ActiveCfg = Debug|Any CPU
		{46C5A027-C902-4AFD-8FE6-5F459A4771C0}.Debug|ARM.Build.0 = Debug|Any CPU
		{46C5A027-C902-4AFD-8FE6-5F459A4771C0}.Debug|ARM.Deploy.0 = Debug|Any CPU
		{46C5A027-C902-4AFD-8FE6-5F459A4771C0}.Debug|iPhone.ActiveCfg = Debug|Any CPU
		{46C5A027-C902-4AFD-8FE6-5F459A4771C0}.Debug|iPhone.Build.0 = Debug|Any CPU
		{46C5A027-C902-4AFD-8FE6-5F459A4771C0}.Debug|iPhone.Deploy.0 = Debug|Any CPU
		{46C5A027-C902-4AFD-8FE6-5F459A4771C0}.Debug|iPhoneSimulator.ActiveCfg = Debug|Any CPU
		{46C5A027-C902-4AFD-8FE6-5F459A4771C0}.Debug|iPhoneSimulator.Build.0 = Debug|Any CPU
		{46C5A027-C902-4AFD-8FE6-5F459A4771C0}.Debug|iPhoneSimulator.Deploy.0 = Debug|Any CPU
		{46C5A027-C902-4AFD-8FE6-5F459A4771C0}.Debug|x64.ActiveCfg = Debug|Any CPU
		{46C5A027-C902-4AFD-8FE6-5F459A4771C0}.Debug|x64.Build.0 = Debug|Any CPU
		{46C5A027-C902-4AFD-8FE6-5F459A4771C0}.Debug|x64.Deploy.0 = Debug|Any CPU
		{46C5A027-C902-4AFD-8FE6-5F459A4771C0}.Debug|x86.ActiveCfg = Debug|Any CPU
		{46C5A027-C902-4AFD-8FE6-5F459A4771C0}.Debug|x86.Build.0 = Debug|Any CPU
		{46C5A027-C902-4AFD-8FE6-5F459A4771C0}.Debug|x86.Deploy.0 = Debug|Any CPU
		{46C5A027-C902-4AFD-8FE6-5F459A4771C0}.Release|Any CPU.ActiveCfg = Release|Any CPU
		{46C5A027-C902-4AFD-8FE6-5F459A4771C0}.Release|Any CPU.Build.0 = Release|Any CPU
		{46C5A027-C902-4AFD-8FE6-5F459A4771C0}.Release|Any CPU.Deploy.0 = Release|Any CPU
		{46C5A027-C902-4AFD-8FE6-5F459A4771C0}.Release|ARM.ActiveCfg = Release|Any CPU
		{46C5A027-C902-4AFD-8FE6-5F459A4771C0}.Release|ARM.Build.0 = Release|Any CPU
		{46C5A027-C902-4AFD-8FE6-5F459A4771C0}.Release|ARM.Deploy.0 = Release|Any CPU
		{46C5A027-C902-4AFD-8FE6-5F459A4771C0}.Release|iPhone.ActiveCfg = Release|Any CPU
		{46C5A027-C902-4AFD-8FE6-5F459A4771C0}.Release|iPhone.Build.0 = Release|Any CPU
		{46C5A027-C902-4AFD-8FE6-5F459A4771C0}.Release|iPhone.Deploy.0 = Release|Any CPU
		{46C5A027-C902-4AFD-8FE6-5F459A4771C0}.Release|iPhoneSimulator.ActiveCfg = Release|Any CPU
		{46C5A027-C902-4AFD-8FE6-5F459A4771C0}.Release|iPhoneSimulator.Build.0 = Release|Any CPU
		{46C5A027-C902-4AFD-8FE6-5F459A4771C0}.Release|iPhoneSimulator.Deploy.0 = Release|Any CPU
		{46C5A027-C902-4AFD-8FE6-5F459A4771C0}.Release|x64.ActiveCfg = Release|Any CPU
		{46C5A027-C902-4AFD-8FE6-5F459A4771C0}.Release|x64.Build.0 = Release|Any CPU
		{46C5A027-C902-4AFD-8FE6-5F459A4771C0}.Release|x64.Deploy.0 = Release|Any CPU
		{46C5A027-C902-4AFD-8FE6-5F459A4771C0}.Release|x86.ActiveCfg = Release|Any CPU
		{46C5A027-C902-4AFD-8FE6-5F459A4771C0}.Release|x86.Build.0 = Release|Any CPU
		{46C5A027-C902-4AFD-8FE6-5F459A4771C0}.Release|x86.Deploy.0 = Release|Any CPU
	EndGlobalSection
	GlobalSection(SolutionProperties) = preSolution
		HideSolutionNode = FALSE
	EndGlobalSection
	GlobalSection(ExtensibilityGlobals) = postSolution
		SolutionGuid = {82B52656-27A3-4643-9702-09BA47AA396B}
	EndGlobalSection
EndGlobal
